
Microsoft Visual Studio Solution File, Format Version 12.00
# Visual Studio Version 17
VisualStudioVersion = 17.5.002.0
MinimumVisualStudioVersion = 10.0.40219.1
Project("{9A19103F-16F7-4668-BE54-9A1E7A4F7556}") = "Tournament.Api", "Tournament.Api\Tournament.Api.csproj", "{6F6DA2B3-0E89-43CB-B6E5-F8F6825520B4}"
EndProject
Project("{FAE04EC0-301F-11D3-BF4B-00C04F79EFBC}") = "Tournament.Core", "Tournament.Core\Tournament.Core.csproj", "{6C63E69D-877F-4CFF-BD9E-E5F3442FA17E}"
EndProject
Project("{FAE04EC0-301F-11D3-BF4B-00C04F79EFBC}") = "Tournament.Data", "Tournament.Data\Tournament.Data.csproj", "{AA338B9F-96F3-4132-9448-3A322CCE46BB}"
EndProject
Global
	GlobalSection(SolutionConfigurationPlatforms) = preSolution
		Debug|Any CPU = Debug|Any CPU
		Release|Any CPU = Release|Any CPU
	EndGlobalSection
	GlobalSection(ProjectConfigurationPlatforms) = postSolution
		{6F6DA2B3-0E89-43CB-B6E5-F8F6825520B4}.Debug|Any CPU.ActiveCfg = Debug|Any CPU
		{6F6DA2B3-0E89-43CB-B6E5-F8F6825520B4}.Debug|Any CPU.Build.0 = Debug|Any CPU
		{6F6DA2B3-0E89-43CB-B6E5-F8F6825520B4}.Release|Any CPU.ActiveCfg = Release|Any CPU
		{6F6DA2B3-0E89-43CB-B6E5-F8F6825520B4}.Release|Any CPU.Build.0 = Release|Any CPU
		{6C63E69D-877F-4CFF-BD9E-E5F3442FA17E}.Debug|Any CPU.ActiveCfg = Debug|Any CPU
		{6C63E69D-877F-4CFF-BD9E-E5F3442FA17E}.Debug|Any CPU.Build.0 = Debug|Any CPU
		{6C63E69D-877F-4CFF-BD9E-E5F3442FA17E}.Release|Any CPU.ActiveCfg = Release|Any CPU
		{6C63E69D-877F-4CFF-BD9E-E5F3442FA17E}.Release|Any CPU.Build.0 = Release|Any CPU
		{AA338B9F-96F3-4132-9448-3A322CCE46BB}.Debug|Any CPU.ActiveCfg = Debug|Any CPU
		{AA338B9F-96F3-4132-9448-3A322CCE46BB}.Debug|Any CPU.Build.0 = Debug|Any CPU
		{AA338B9F-96F3-4132-9448-3A322CCE46BB}.Release|Any CPU.ActiveCfg = Release|Any CPU
		{AA338B9F-96F3-4132-9448-3A322CCE46BB}.Release|Any CPU.Build.0 = Release|Any CPU
	EndGlobalSection
	GlobalSection(SolutionProperties) = preSolution
		HideSolutionNode = FALSE
	EndGlobalSection
	GlobalSection(ExtensibilityGlobals) = postSolution
		SolutionGuid = {D790679F-D1A5-4E81-818A-2AB5D0F3FEB7}
	EndGlobalSection
EndGlobal
